
Microsoft Visual Studio Solution File, Format Version 12.00
# Visual Studio Version 16
VisualStudioVersion = 16.0.33027.164
MinimumVisualStudioVersion = 10.0.40219.1
Project("{FAE04EC0-301F-11D3-BF4B-00C04F79EFBC}") = "UT5-2.Plantillas de control", "UT5-2.Plantillas de control.csproj", "{5CEBB8AC-12E7-492A-9596-F385EAE8886C}"
EndProject
Global
	GlobalSection(SolutionConfigurationPlatforms) = preSolution
		Debug|Any CPU = Debug|Any CPU
		Release|Any CPU = Release|Any CPU
	EndGlobalSection
	GlobalSection(ProjectConfigurationPlatforms) = postSolution
		{5CEBB8AC-12E7-492A-9596-F385EAE8886C}.Debug|Any CPU.ActiveCfg = Debug|Any CPU
		{5CEBB8AC-12E7-492A-9596-F385EAE8886C}.Debug|Any CPU.Build.0 = Debug|Any CPU
		{5CEBB8AC-12E7-492A-9596-F385EAE8886C}.Release|Any CPU.ActiveCfg = Release|Any CPU
		{5CEBB8AC-12E7-492A-9596-F385EAE8886C}.Release|Any CPU.Build.0 = Release|Any CPU
	EndGlobalSection
	GlobalSection(SolutionProperties) = preSolution
		HideSolutionNode = FALSE
	EndGlobalSection
	GlobalSection(ExtensibilityGlobals) = postSolution
		SolutionGuid = {D08B63BC-3B78-4F73-905C-1F3B7A28BAD3}
	EndGlobalSection
EndGlobal
